// !$*UTF8*$!
{
	archiveVersion = 1;
	classes = {
	};
	objectVersion = 48;
	objects = {

/* Begin PBXBuildFile section */
		7F8BA80B21F7917300E586EF /* AppDelegate.swift in Sources */ = {isa = PBXBuildFile; fileRef = 7F8BA80A21F7917300E586EF /* AppDelegate.swift */; };
		7F8BA80D21F7917300E586EF /* OTMLoginViewController.swift in Sources */ = {isa = PBXBuildFile; fileRef = 7F8BA80C21F7917300E586EF /* OTMLoginViewController.swift */; };
		7F8BA81021F7917300E586EF /* Main.storyboard in Resources */ = {isa = PBXBuildFile; fileRef = 7F8BA80E21F7917300E586EF /* Main.storyboard */; };
		7F8BA81221F7917300E586EF /* Assets.xcassets in Resources */ = {isa = PBXBuildFile; fileRef = 7F8BA81121F7917300E586EF /* Assets.xcassets */; };
		7F8BA81521F7917300E586EF /* LaunchScreen.storyboard in Resources */ = {isa = PBXBuildFile; fileRef = 7F8BA81321F7917300E586EF /* LaunchScreen.storyboard */; };
		7F8BA82221F794DD00E586EF /* GCDBlackBox.swift in Sources */ = {isa = PBXBuildFile; fileRef = 7F8BA82121F794DD00E586EF /* GCDBlackBox.swift */; };
		7F8BA82421F7960A00E586EF /* StudentLocation.swift in Sources */ = {isa = PBXBuildFile; fileRef = 7F8BA82321F7960A00E586EF /* StudentLocation.swift */; };
		7F8BA82621F79C6700E586EF /* UdacityClient.swift in Sources */ = {isa = PBXBuildFile; fileRef = 7F8BA82521F79C6700E586EF /* UdacityClient.swift */; };
		7F8BA82821F79D5600E586EF /* UdacityOTMConstants.swift in Sources */ = {isa = PBXBuildFile; fileRef = 7F8BA82721F79D5600E586EF /* UdacityOTMConstants.swift */; };
		7F8BA82A21F7B2F300E586EF /* UdacityConvenience.swift in Sources */ = {isa = PBXBuildFile; fileRef = 7F8BA82921F7B2F300E586EF /* UdacityConvenience.swift */; };
		7F8BA82C21F7BD1800E586EF /* Default-568h@2x.png in Resources */ = {isa = PBXBuildFile; fileRef = 7F8BA82B21F7BD1700E586EF /* Default-568h@2x.png */; };
		7F8BA82E21F99EB600E586EF /* OTMWebViewController.swift in Sources */ = {isa = PBXBuildFile; fileRef = 7F8BA82D21F99EB600E586EF /* OTMWebViewController.swift */; };
		7F8BA83021F9FEF900E586EF /* OTMMapViewController.swift in Sources */ = {isa = PBXBuildFile; fileRef = 7F8BA82F21F9FEF900E586EF /* OTMMapViewController.swift */; };
		7F8BA83221F9FF8500E586EF /* OTMTableViewController.swift in Sources */ = {isa = PBXBuildFile; fileRef = 7F8BA83121F9FF8500E586EF /* OTMTableViewController.swift */; };
/* End PBXBuildFile section */

/* Begin PBXFileReference section */
		7F8BA80721F7917300E586EF /* OnTheMap.app */ = {isa = PBXFileReference; explicitFileType = wrapper.application; includeInIndex = 0; path = OnTheMap.app; sourceTree = BUILT_PRODUCTS_DIR; };
		7F8BA80A21F7917300E586EF /* AppDelegate.swift */ = {isa = PBXFileReference; lastKnownFileType = sourcecode.swift; path = AppDelegate.swift; sourceTree = "<group>"; };
		7F8BA80C21F7917300E586EF /* OTMLoginViewController.swift */ = {isa = PBXFileReference; lastKnownFileType = sourcecode.swift; path = OTMLoginViewController.swift; sourceTree = "<group>"; };
		7F8BA80F21F7917300E586EF /* Base */ = {isa = PBXFileReference; lastKnownFileType = file.storyboard; name = Base; path = Base.lproj/Main.storyboard; sourceTree = "<group>"; };
		7F8BA81121F7917300E586EF /* Assets.xcassets */ = {isa = PBXFileReference; lastKnownFileType = folder.assetcatalog; path = Assets.xcassets; sourceTree = "<group>"; };
		7F8BA81421F7917300E586EF /* Base */ = {isa = PBXFileReference; lastKnownFileType = file.storyboard; name = Base; path = Base.lproj/LaunchScreen.storyboard; sourceTree = "<group>"; };
		7F8BA81621F7917300E586EF /* Info.plist */ = {isa = PBXFileReference; lastKnownFileType = text.plist.xml; path = Info.plist; sourceTree = "<group>"; };
		7F8BA82121F794DD00E586EF /* GCDBlackBox.swift */ = {isa = PBXFileReference; lastKnownFileType = sourcecode.swift; path = GCDBlackBox.swift; sourceTree = "<group>"; };
		7F8BA82321F7960A00E586EF /* StudentLocation.swift */ = {isa = PBXFileReference; lastKnownFileType = sourcecode.swift; path = StudentLocation.swift; sourceTree = "<group>"; };
		7F8BA82521F79C6700E586EF /* UdacityClient.swift */ = {isa = PBXFileReference; lastKnownFileType = sourcecode.swift; path = UdacityClient.swift; sourceTree = "<group>"; };
		7F8BA82721F79D5600E586EF /* UdacityOTMConstants.swift */ = {isa = PBXFileReference; lastKnownFileType = sourcecode.swift; path = UdacityOTMConstants.swift; sourceTree = "<group>"; };
		7F8BA82921F7B2F300E586EF /* UdacityConvenience.swift */ = {isa = PBXFileReference; lastKnownFileType = sourcecode.swift; path = UdacityConvenience.swift; sourceTree = "<group>"; };
		7F8BA82B21F7BD1700E586EF /* Default-568h@2x.png */ = {isa = PBXFileReference; lastKnownFileType = image.png; path = "Default-568h@2x.png"; sourceTree = "<group>"; };
		7F8BA82D21F99EB600E586EF /* OTMWebViewController.swift */ = {isa = PBXFileReference; lastKnownFileType = sourcecode.swift; path = OTMWebViewController.swift; sourceTree = "<group>"; };
		7F8BA82F21F9FEF900E586EF /* OTMMapViewController.swift */ = {isa = PBXFileReference; lastKnownFileType = sourcecode.swift; path = OTMMapViewController.swift; sourceTree = "<group>"; };
		7F8BA83121F9FF8500E586EF /* OTMTableViewController.swift */ = {isa = PBXFileReference; lastKnownFileType = sourcecode.swift; path = OTMTableViewController.swift; sourceTree = "<group>"; };
/* End PBXFileReference section */

/* Begin PBXFrameworksBuildPhase section */
		7F8BA80421F7917300E586EF /* Frameworks */ = {
			isa = PBXFrameworksBuildPhase;
			buildActionMask = 2147483647;
			files = (
			);
			runOnlyForDeploymentPostprocessing = 0;
		};
/* End PBXFrameworksBuildPhase section */

/* Begin PBXGroup section */
		7F8BA7FE21F7917300E586EF = {
			isa = PBXGroup;
			children = (
				7F8BA82B21F7BD1700E586EF /* Default-568h@2x.png */,
				7F8BA80921F7917300E586EF /* OnTheMap */,
				7F8BA80821F7917300E586EF /* Products */,
			);
			sourceTree = "<group>";
		};
		7F8BA80821F7917300E586EF /* Products */ = {
			isa = PBXGroup;
			children = (
				7F8BA80721F7917300E586EF /* OnTheMap.app */,
			);
			name = Products;
			sourceTree = "<group>";
		};
		7F8BA80921F7917300E586EF /* OnTheMap */ = {
			isa = PBXGroup;
			children = (
				7F8BA80A21F7917300E586EF /* AppDelegate.swift */,
				7F8BA82121F794DD00E586EF /* GCDBlackBox.swift */,
				7F8BA81C21F7932000E586EF /* Model */,
				7F8BA81D21F7934700E586EF /* View */,
				7F8BA81E21F7936300E586EF /* Controller */,
				7F8BA81F21F7938000E586EF /* Assests */,
				7F8BA82021F7939200E586EF /* Supporting Files */,
			);
			path = OnTheMap;
			sourceTree = "<group>";
		};
		7F8BA81C21F7932000E586EF /* Model */ = {
			isa = PBXGroup;
			children = (
				7F8BA82321F7960A00E586EF /* StudentLocation.swift */,
				7F8BA82521F79C6700E586EF /* UdacityClient.swift */,
				7F8BA82921F7B2F300E586EF /* UdacityConvenience.swift */,
				7F8BA82721F79D5600E586EF /* UdacityOTMConstants.swift */,
			);
			path = Model;
			sourceTree = "<group>";
		};
		7F8BA81D21F7934700E586EF /* View */ = {
			isa = PBXGroup;
			children = (
				7F8BA80E21F7917300E586EF /* Main.storyboard */,
				7F8BA81321F7917300E586EF /* LaunchScreen.storyboard */,
			);
			path = View;
			sourceTree = "<group>";
		};
		7F8BA81E21F7936300E586EF /* Controller */ = {
			isa = PBXGroup;
			children = (
				7F8BA80C21F7917300E586EF /* OTMLoginViewController.swift */,
				7F8BA82D21F99EB600E586EF /* OTMWebViewController.swift */,
				7F8BA82F21F9FEF900E586EF /* OTMMapViewController.swift */,
				7F8BA83121F9FF8500E586EF /* OTMTableViewController.swift */,
			);
			path = Controller;
			sourceTree = "<group>";
		};
		7F8BA81F21F7938000E586EF /* Assests */ = {
			isa = PBXGroup;
			children = (
				7F8BA81121F7917300E586EF /* Assets.xcassets */,
			);
			path = Assests;
			sourceTree = "<group>";
		};
		7F8BA82021F7939200E586EF /* Supporting Files */ = {
			isa = PBXGroup;
			children = (
				7F8BA81621F7917300E586EF /* Info.plist */,
			);
			path = "Supporting Files";
			sourceTree = "<group>";
		};
/* End PBXGroup section */

/* Begin PBXNativeTarget section */
		7F8BA80621F7917300E586EF /* OnTheMap */ = {
			isa = PBXNativeTarget;
			buildConfigurationList = 7F8BA81921F7917300E586EF /* Build configuration list for PBXNativeTarget "OnTheMap" */;
			buildPhases = (
				7F8BA80321F7917300E586EF /* Sources */,
				7F8BA80421F7917300E586EF /* Frameworks */,
				7F8BA80521F7917300E586EF /* Resources */,
			);
			buildRules = (
			);
			dependencies = (
			);
			name = OnTheMap;
			productName = OnTheMap;
			productReference = 7F8BA80721F7917300E586EF /* OnTheMap.app */;
			productType = "com.apple.product-type.application";
		};
/* End PBXNativeTarget section */

/* Begin PBXProject section */
		7F8BA7FF21F7917300E586EF /* Project object */ = {
			isa = PBXProject;
			attributes = {
				LastSwiftUpdateCheck = 0920;
				LastUpgradeCheck = 0920;
				ORGANIZATIONNAME = "Locust Redemption";
				TargetAttributes = {
					7F8BA80621F7917300E586EF = {
						CreatedOnToolsVersion = 9.2;
						ProvisioningStyle = Automatic;
					};
				};
			};
			buildConfigurationList = 7F8BA80221F7917300E586EF /* Build configuration list for PBXProject "OnTheMap" */;
			compatibilityVersion = "Xcode 8.0";
			developmentRegion = en;
			hasScannedForEncodings = 0;
			knownRegions = (
				en,
				Base,
			);
			mainGroup = 7F8BA7FE21F7917300E586EF;
			productRefGroup = 7F8BA80821F7917300E586EF /* Products */;
			projectDirPath = "";
			projectRoot = "";
			targets = (
				7F8BA80621F7917300E586EF /* OnTheMap */,
			);
		};
/* End PBXProject section */

/* Begin PBXResourcesBuildPhase section */
		7F8BA80521F7917300E586EF /* Resources */ = {
			isa = PBXResourcesBuildPhase;
			buildActionMask = 2147483647;
			files = (
				7F8BA81521F7917300E586EF /* LaunchScreen.storyboard in Resources */,
				7F8BA82C21F7BD1800E586EF /* Default-568h@2x.png in Resources */,
				7F8BA81221F7917300E586EF /* Assets.xcassets in Resources */,
				7F8BA81021F7917300E586EF /* Main.storyboard in Resources */,
			);
			runOnlyForDeploymentPostprocessing = 0;
		};
/* End PBXResourcesBuildPhase section */

/* Begin PBXSourcesBuildPhase section */
		7F8BA80321F7917300E586EF /* Sources */ = {
			isa = PBXSourcesBuildPhase;
			buildActionMask = 2147483647;
			files = (
				7F8BA82621F79C6700E586EF /* UdacityClient.swift in Sources */,
				7F8BA82421F7960A00E586EF /* StudentLocation.swift in Sources */,
				7F8BA82E21F99EB600E586EF /* OTMWebViewController.swift in Sources */,
				7F8BA82821F79D5600E586EF /* UdacityOTMConstants.swift in Sources */,
				7F8BA80D21F7917300E586EF /* OTMLoginViewController.swift in Sources */,
				7F8BA82221F794DD00E586EF /* GCDBlackBox.swift in Sources */,
				7F8BA82A21F7B2F300E586EF /* UdacityConvenience.swift in Sources */,
				7F8BA83021F9FEF900E586EF /* OTMMapViewController.swift in Sources */,
				7F8BA83221F9FF8500E586EF /* OTMTableViewController.swift in Sources */,
				7F8BA80B21F7917300E586EF /* AppDelegate.swift in Sources */,
			);
			runOnlyForDeploymentPostprocessing = 0;
		};
/* End PBXSourcesBuildPhase section */

/* Begin PBXVariantGroup section */
		7F8BA80E21F7917300E586EF /* Main.storyboard */ = {
			isa = PBXVariantGroup;
			children = (
				7F8BA80F21F7917300E586EF /* Base */,
			);
			name = Main.storyboard;
			sourceTree = "<group>";
		};
		7F8BA81321F7917300E586EF /* LaunchScreen.storyboard */ = {
			isa = PBXVariantGroup;
			children = (
				7F8BA81421F7917300E586EF /* Base */,
			);
			name = LaunchScreen.storyboard;
			sourceTree = "<group>";
		};
/* End PBXVariantGroup section */

/* Begin XCBuildConfiguration section */
		7F8BA81721F7917300E586EF /* Debug */ = {
			isa = XCBuildConfiguration;
			buildSettings = {
				ALWAYS_SEARCH_USER_PATHS = NO;
				CLANG_ANALYZER_NONNULL = YES;
				CLANG_ANALYZER_NUMBER_OBJECT_CONVERSION = YES_AGGRESSIVE;
				CLANG_CXX_LANGUAGE_STANDARD = "gnu++14";
				CLANG_CXX_LIBRARY = "libc++";
				CLANG_ENABLE_MODULES = YES;
				CLANG_ENABLE_OBJC_ARC = YES;
				CLANG_WARN_BLOCK_CAPTURE_AUTORELEASING = YES;
				CLANG_WARN_BOOL_CONVERSION = YES;
				CLANG_WARN_COMMA = YES;
				CLANG_WARN_CONSTANT_CONVERSION = YES;
				CLANG_WARN_DIRECT_OBJC_ISA_USAGE = YES_ERROR;
				CLANG_WARN_DOCUMENTATION_COMMENTS = YES;
				CLANG_WARN_EMPTY_BODY = YES;
				CLANG_WARN_ENUM_CONVERSION = YES;
				CLANG_WARN_INFINITE_RECURSION = YES;
				CLANG_WARN_INT_CONVERSION = YES;
				CLANG_WARN_NON_LITERAL_NULL_CONVERSION = YES;
				CLANG_WARN_OBJC_LITERAL_CONVERSION = YES;
				CLANG_WARN_OBJC_ROOT_CLASS = YES_ERROR;
				CLANG_WARN_RANGE_LOOP_ANALYSIS = YES;
				CLANG_WARN_STRICT_PROTOTYPES = YES;
				CLANG_WARN_SUSPICIOUS_MOVE = YES;
				CLANG_WARN_UNGUARDED_AVAILABILITY = YES_AGGRESSIVE;
				CLANG_WARN_UNREACHABLE_CODE = YES;
				CLANG_WARN__DUPLICATE_METHOD_MATCH = YES;
				CODE_SIGN_IDENTITY = "iPhone Developer";
				COPY_PHASE_STRIP = NO;
				DEBUG_INFORMATION_FORMAT = dwarf;
				ENABLE_STRICT_OBJC_MSGSEND = YES;
				ENABLE_TESTABILITY = YES;
				GCC_C_LANGUAGE_STANDARD = gnu11;
				GCC_DYNAMIC_NO_PIC = NO;
				GCC_NO_COMMON_BLOCKS = YES;
				GCC_OPTIMIZATION_LEVEL = 0;
				GCC_PREPROCESSOR_DEFINITIONS = (
					"DEBUG=1",
					"$(inherited)",
				);
				GCC_WARN_64_TO_32_BIT_CONVERSION = YES;
				GCC_WARN_ABOUT_RETURN_TYPE = YES_ERROR;
				GCC_WARN_UNDECLARED_SELECTOR = YES;
				GCC_WARN_UNINITIALIZED_AUTOS = YES_AGGRESSIVE;
				GCC_WARN_UNUSED_FUNCTION = YES;
				GCC_WARN_UNUSED_VARIABLE = YES;
				IPHONEOS_DEPLOYMENT_TARGET = 11.2;
				MTL_ENABLE_DEBUG_INFO = YES;
				ONLY_ACTIVE_ARCH = YES;
				SDKROOT = iphoneos;
				SWIFT_ACTIVE_COMPILATION_CONDITIONS = DEBUG;
				SWIFT_OPTIMIZATION_LEVEL = "-Onone";
			};
			name = Debug;
		};
		7F8BA81821F7917300E586EF /* Release */ = {
			isa = XCBuildConfiguration;
			buildSettings = {
				ALWAYS_SEARCH_USER_PATHS = NO;
				CLANG_ANALYZER_NONNULL = YES;
				CLANG_ANALYZER_NUMBER_OBJECT_CONVERSION = YES_AGGRESSIVE;
				CLANG_CXX_LANGUAGE_STANDARD = "gnu++14";
				CLANG_CXX_LIBRARY = "libc++";
				CLANG_ENABLE_MODULES = YES;
				CLANG_ENABLE_OBJC_ARC = YES;
				CLANG_WARN_BLOCK_CAPTURE_AUTORELEASING = YES;
				CLANG_WARN_BOOL_CONVERSION = YES;
				CLANG_WARN_COMMA = YES;
				CLANG_WARN_CONSTANT_CONVERSION = YES;
				CLANG_WARN_DIRECT_OBJC_ISA_USAGE = YES_ERROR;
				CLANG_WARN_DOCUMENTATION_COMMENTS = YES;
				CLANG_WARN_EMPTY_BODY = YES;
				CLANG_WARN_ENUM_CONVERSION = YES;
				CLANG_WARN_INFINITE_RECURSION = YES;
				CLANG_WARN_INT_CONVERSION = YES;
				CLANG_WARN_NON_LITERAL_NULL_CONVERSION = YES;
				CLANG_WARN_OBJC_LITERAL_CONVERSION = YES;
				CLANG_WARN_OBJC_ROOT_CLASS = YES_ERROR;
				CLANG_WARN_RANGE_LOOP_ANALYSIS = YES;
				CLANG_WARN_STRICT_PROTOTYPES = YES;
				CLANG_WARN_SUSPICIOUS_MOVE = YES;
				CLANG_WARN_UNGUARDED_AVAILABILITY = YES_AGGRESSIVE;
				CLANG_WARN_UNREACHABLE_CODE = YES;
				CLANG_WARN__DUPLICATE_METHOD_MATCH = YES;
				CODE_SIGN_IDENTITY = "iPhone Developer";
				COPY_PHASE_STRIP = NO;
				DEBUG_INFORMATION_FORMAT = "dwarf-with-dsym";
				ENABLE_NS_ASSERTIONS = NO;
				ENABLE_STRICT_OBJC_MSGSEND = YES;
				GCC_C_LANGUAGE_STANDARD = gnu11;
				GCC_NO_COMMON_BLOCKS = YES;
				GCC_WARN_64_TO_32_BIT_CONVERSION = YES;
				GCC_WARN_ABOUT_RETURN_TYPE = YES_ERROR;
				GCC_WARN_UNDECLARED_SELECTOR = YES;
				GCC_WARN_UNINITIALIZED_AUTOS = YES_AGGRESSIVE;
				GCC_WARN_UNUSED_FUNCTION = YES;
				GCC_WARN_UNUSED_VARIABLE = YES;
				IPHONEOS_DEPLOYMENT_TARGET = 11.2;
				MTL_ENABLE_DEBUG_INFO = NO;
				SDKROOT = iphoneos;
				SWIFT_OPTIMIZATION_LEVEL = "-Owholemodule";
				VALIDATE_PRODUCT = YES;
			};
			name = Release;
		};
		7F8BA81A21F7917300E586EF /* Debug */ = {
			isa = XCBuildConfiguration;
			buildSettings = {
				ASSETCATALOG_COMPILER_APPICON_NAME = AppIcon;
				CODE_SIGN_STYLE = Automatic;
				DEVELOPMENT_TEAM = A7AT4UCQAQ;
				INFOPLIST_FILE = OnTheMap/Info.plist;
				LD_RUNPATH_SEARCH_PATHS = "$(inherited) @executable_path/Frameworks";
				PRODUCT_BUNDLE_IDENTIFIER = com.locustredemption.OnTheMap;
				PRODUCT_NAME = "$(TARGET_NAME)";
				SWIFT_VERSION = 4.0;
				TARGETED_DEVICE_FAMILY = "1,2";
			};
			name = Debug;
		};
		7F8BA81B21F7917300E586EF /* Release */ = {
			isa = XCBuildConfiguration;
			buildSettings = {
				ASSETCATALOG_COMPILER_APPICON_NAME = AppIcon;
				CODE_SIGN_STYLE = Automatic;
				DEVELOPMENT_TEAM = A7AT4UCQAQ;
				INFOPLIST_FILE = OnTheMap/Info.plist;
				LD_RUNPATH_SEARCH_PATHS = "$(inherited) @executable_path/Frameworks";
				PRODUCT_BUNDLE_IDENTIFIER = com.locustredemption.OnTheMap;
				PRODUCT_NAME = "$(TARGET_NAME)";
				SWIFT_VERSION = 4.0;
				TARGETED_DEVICE_FAMILY = "1,2";
			};
			name = Release;
		};
/* End XCBuildConfiguration section */

/* Begin XCConfigurationList section */
		7F8BA80221F7917300E586EF /* Build configuration list for PBXProject "OnTheMap" */ = {
			isa = XCConfigurationList;
			buildConfigurations = (
				7F8BA81721F7917300E586EF /* Debug */,
				7F8BA81821F7917300E586EF /* Release */,
			);
			defaultConfigurationIsVisible = 0;
			defaultConfigurationName = Release;
		};
		7F8BA81921F7917300E586EF /* Build configuration list for PBXNativeTarget "OnTheMap" */ = {
			isa = XCConfigurationList;
			buildConfigurations = (
				7F8BA81A21F7917300E586EF /* Debug */,
				7F8BA81B21F7917300E586EF /* Release */,
			);
			defaultConfigurationIsVisible = 0;
			defaultConfigurationName = Release;
		};
/* End XCConfigurationList section */
	};
	rootObject = 7F8BA7FF21F7917300E586EF /* Project object */;
}
